// !$*UTF8*$!
{
	archiveVersion = 1;
	classes = {
	};
	objectVersion = 56;
	objects = {

/* Begin PBXBuildFile section */
		1451DE462ABB53CE00425772 /* study-timer Watch App.app in Embed Watch Content */ = {isa = PBXBuildFile; fileRef = 1451DE452ABB53CE00425772 /* study-timer Watch App.app */; settings = {ATTRIBUTES = (RemoveHeadersOnCopy, ); }; };
		1451DE4B2ABB53CE00425772 /* study_timerApp.swift in Sources */ = {isa = PBXBuildFile; fileRef = 1451DE4A2ABB53CE00425772 /* study_timerApp.swift */; };
		1451DE4D2ABB53CE00425772 /* ContentView.swift in Sources */ = {isa = PBXBuildFile; fileRef = 1451DE4C2ABB53CE00425772 /* ContentView.swift */; };
		1451DE4F2ABB53CF00425772 /* Assets.xcassets in Resources */ = {isa = PBXBuildFile; fileRef = 1451DE4E2ABB53CF00425772 /* Assets.xcassets */; };
		1451DE522ABB53CF00425772 /* Preview Assets.xcassets in Resources */ = {isa = PBXBuildFile; fileRef = 1451DE512ABB53CF00425772 /* Preview Assets.xcassets */; };
		1451DE5C2ABB53D000425772 /* study_timer_Watch_AppTests.swift in Sources */ = {isa = PBXBuildFile; fileRef = 1451DE5B2ABB53D000425772 /* study_timer_Watch_AppTests.swift */; };
		1451DE662ABB53D000425772 /* study_timer_Watch_AppUITests.swift in Sources */ = {isa = PBXBuildFile; fileRef = 1451DE652ABB53D000425772 /* study_timer_Watch_AppUITests.swift */; };
		1451DE682ABB53D000425772 /* study_timer_Watch_AppUITestsLaunchTests.swift in Sources */ = {isa = PBXBuildFile; fileRef = 1451DE672ABB53D000425772 /* study_timer_Watch_AppUITestsLaunchTests.swift */; };
/* End PBXBuildFile section */

/* Begin PBXContainerItemProxy section */
		1451DE472ABB53CE00425772 /* PBXContainerItemProxy */ = {
			isa = PBXContainerItemProxy;
			containerPortal = 1451DE392ABB53CE00425772 /* Project object */;
			proxyType = 1;
			remoteGlobalIDString = 1451DE442ABB53CE00425772;
			remoteInfo = "study-timer Watch App";
		};
		1451DE582ABB53D000425772 /* PBXContainerItemProxy */ = {
			isa = PBXContainerItemProxy;
			containerPortal = 1451DE392ABB53CE00425772 /* Project object */;
			proxyType = 1;
			remoteGlobalIDString = 1451DE442ABB53CE00425772;
			remoteInfo = "study-timer Watch App";
		};
		1451DE622ABB53D000425772 /* PBXContainerItemProxy */ = {
			isa = PBXContainerItemProxy;
			containerPortal = 1451DE392ABB53CE00425772 /* Project object */;
			proxyType = 1;
			remoteGlobalIDString = 1451DE442ABB53CE00425772;
			remoteInfo = "study-timer Watch App";
		};
/* End PBXContainerItemProxy section */

/* Begin PBXCopyFilesBuildPhase section */
		1451DE6E2ABB53D000425772 /* Embed Watch Content */ = {
			isa = PBXCopyFilesBuildPhase;
			buildActionMask = 2147483647;
			dstPath = "$(CONTENTS_FOLDER_PATH)/Watch";
			dstSubfolderSpec = 16;
			files = (
				1451DE462ABB53CE00425772 /* study-timer Watch App.app in Embed Watch Content */,
			);
			name = "Embed Watch Content";
			runOnlyForDeploymentPostprocessing = 0;
		};
/* End PBXCopyFilesBuildPhase section */

/* Begin PBXFileReference section */
		1451DE3F2ABB53CE00425772 /* study-timer.app */ = {isa = PBXFileReference; explicitFileType = wrapper.application; includeInIndex = 0; path = "study-timer.app"; sourceTree = BUILT_PRODUCTS_DIR; };
		1451DE452ABB53CE00425772 /* study-timer Watch App.app */ = {isa = PBXFileReference; explicitFileType = wrapper.application; includeInIndex = 0; path = "study-timer Watch App.app"; sourceTree = BUILT_PRODUCTS_DIR; };
		1451DE4A2ABB53CE00425772 /* study_timerApp.swift */ = {isa = PBXFileReference; lastKnownFileType = sourcecode.swift; path = study_timerApp.swift; sourceTree = "<group>"; };
		1451DE4C2ABB53CE00425772 /* ContentView.swift */ = {isa = PBXFileReference; lastKnownFileType = sourcecode.swift; path = ContentView.swift; sourceTree = "<group>"; };
		1451DE4E2ABB53CF00425772 /* Assets.xcassets */ = {isa = PBXFileReference; lastKnownFileType = folder.assetcatalog; path = Assets.xcassets; sourceTree = "<group>"; };
		1451DE512ABB53CF00425772 /* Preview Assets.xcassets */ = {isa = PBXFileReference; lastKnownFileType = folder.assetcatalog; path = "Preview Assets.xcassets"; sourceTree = "<group>"; };
		1451DE572ABB53D000425772 /* study-timer Watch AppTests.xctest */ = {isa = PBXFileReference; explicitFileType = wrapper.cfbundle; includeInIndex = 0; path = "study-timer Watch AppTests.xctest"; sourceTree = BUILT_PRODUCTS_DIR; };
		1451DE5B2ABB53D000425772 /* study_timer_Watch_AppTests.swift */ = {isa = PBXFileReference; lastKnownFileType = sourcecode.swift; path = study_timer_Watch_AppTests.swift; sourceTree = "<group>"; };
		1451DE612ABB53D000425772 /* study-timer Watch AppUITests.xctest */ = {isa = PBXFileReference; explicitFileType = wrapper.cfbundle; includeInIndex = 0; path = "study-timer Watch AppUITests.xctest"; sourceTree = BUILT_PRODUCTS_DIR; };
		1451DE652ABB53D000425772 /* study_timer_Watch_AppUITests.swift */ = {isa = PBXFileReference; lastKnownFileType = sourcecode.swift; path = study_timer_Watch_AppUITests.swift; sourceTree = "<group>"; };
		1451DE672ABB53D000425772 /* study_timer_Watch_AppUITestsLaunchTests.swift */ = {isa = PBXFileReference; lastKnownFileType = sourcecode.swift; path = study_timer_Watch_AppUITestsLaunchTests.swift; sourceTree = "<group>"; };
/* End PBXFileReference section */

/* Begin PBXFrameworksBuildPhase section */
		1451DE422ABB53CE00425772 /* Frameworks */ = {
			isa = PBXFrameworksBuildPhase;
			buildActionMask = 2147483647;
			files = (
			);
			runOnlyForDeploymentPostprocessing = 0;
		};
		1451DE542ABB53D000425772 /* Frameworks */ = {
			isa = PBXFrameworksBuildPhase;
			buildActionMask = 2147483647;
			files = (
			);
			runOnlyForDeploymentPostprocessing = 0;
		};
		1451DE5E2ABB53D000425772 /* Frameworks */ = {
			isa = PBXFrameworksBuildPhase;
			buildActionMask = 2147483647;
			files = (
			);
			runOnlyForDeploymentPostprocessing = 0;
		};
/* End PBXFrameworksBuildPhase section */

/* Begin PBXGroup section */
		1451DE382ABB53CE00425772 = {
			isa = PBXGroup;
			children = (
				1451DE492ABB53CE00425772 /* study-timer Watch App */,
				1451DE5A2ABB53D000425772 /* study-timer Watch AppTests */,
				1451DE642ABB53D000425772 /* study-timer Watch AppUITests */,
				1451DE402ABB53CE00425772 /* Products */,
			);
			sourceTree = "<group>";
		};
		1451DE402ABB53CE00425772 /* Products */ = {
			isa = PBXGroup;
			children = (
				1451DE3F2ABB53CE00425772 /* study-timer.app */,
				1451DE452ABB53CE00425772 /* study-timer Watch App.app */,
				1451DE572ABB53D000425772 /* study-timer Watch AppTests.xctest */,
				1451DE612ABB53D000425772 /* study-timer Watch AppUITests.xctest */,
			);
			name = Products;
			sourceTree = "<group>";
		};
		1451DE492ABB53CE00425772 /* study-timer Watch App */ = {
			isa = PBXGroup;
			children = (
				1451DE4C2ABB53CE00425772 /* ContentView.swift */,
				1451DE4A2ABB53CE00425772 /* study_timerApp.swift */,
				1451DE4E2ABB53CF00425772 /* Assets.xcassets */,
				1451DE502ABB53CF00425772 /* Preview Content */,
			);
			path = "study-timer Watch App";
			sourceTree = "<group>";
		};
		1451DE502ABB53CF00425772 /* Preview Content */ = {
			isa = PBXGroup;
			children = (
				1451DE512ABB53CF00425772 /* Preview Assets.xcassets */,
			);
			path = "Preview Content";
			sourceTree = "<group>";
		};
		1451DE5A2ABB53D000425772 /* study-timer Watch AppTests */ = {
			isa = PBXGroup;
			children = (
				1451DE5B2ABB53D000425772 /* study_timer_Watch_AppTests.swift */,
			);
			path = "study-timer Watch AppTests";
			sourceTree = "<group>";
		};
		1451DE642ABB53D000425772 /* study-timer Watch AppUITests */ = {
			isa = PBXGroup;
			children = (
				1451DE652ABB53D000425772 /* study_timer_Watch_AppUITests.swift */,
				1451DE672ABB53D000425772 /* study_timer_Watch_AppUITestsLaunchTests.swift */,
			);
			path = "study-timer Watch AppUITests";
			sourceTree = "<group>";
		};
/* End PBXGroup section */

/* Begin PBXNativeTarget section */
		1451DE3E2ABB53CE00425772 /* study-timer */ = {
			isa = PBXNativeTarget;
			buildConfigurationList = 1451DE6F2ABB53D000425772 /* Build configuration list for PBXNativeTarget "study-timer" */;
			buildPhases = (
				1451DE3D2ABB53CE00425772 /* Resources */,
				1451DE6E2ABB53D000425772 /* Embed Watch Content */,
			);
			buildRules = (
			);
			dependencies = (
				1451DE482ABB53CE00425772 /* PBXTargetDependency */,
			);
			name = "study-timer";
			productName = "study-timer";
			productReference = 1451DE3F2ABB53CE00425772 /* study-timer.app */;
			productType = "com.apple.product-type.application.watchapp2-container";
		};
		1451DE442ABB53CE00425772 /* study-timer Watch App */ = {
			isa = PBXNativeTarget;
			buildConfigurationList = 1451DE6B2ABB53D000425772 /* Build configuration list for PBXNativeTarget "study-timer Watch App" */;
			buildPhases = (
				1451DE412ABB53CE00425772 /* Sources */,
				1451DE422ABB53CE00425772 /* Frameworks */,
				1451DE432ABB53CE00425772 /* Resources */,
			);
			buildRules = (
			);
			dependencies = (
			);
			name = "study-timer Watch App";
			productName = "study-timer Watch App";
			productReference = 1451DE452ABB53CE00425772 /* study-timer Watch App.app */;
			productType = "com.apple.product-type.application";
		};
		1451DE562ABB53D000425772 /* study-timer Watch AppTests */ = {
			isa = PBXNativeTarget;
			buildConfigurationList = 1451DE722ABB53D000425772 /* Build configuration list for PBXNativeTarget "study-timer Watch AppTests" */;
			buildPhases = (
				1451DE532ABB53D000425772 /* Sources */,
				1451DE542ABB53D000425772 /* Frameworks */,
				1451DE552ABB53D000425772 /* Resources */,
			);
			buildRules = (
			);
			dependencies = (
				1451DE592ABB53D000425772 /* PBXTargetDependency */,
			);
			name = "study-timer Watch AppTests";
			productName = "study-timer Watch AppTests";
			productReference = 1451DE572ABB53D000425772 /* study-timer Watch AppTests.xctest */;
			productType = "com.apple.product-type.bundle.unit-test";
		};
		1451DE602ABB53D000425772 /* study-timer Watch AppUITests */ = {
			isa = PBXNativeTarget;
			buildConfigurationList = 1451DE752ABB53D000425772 /* Build configuration list for PBXNativeTarget "study-timer Watch AppUITests" */;
			buildPhases = (
				1451DE5D2ABB53D000425772 /* Sources */,
				1451DE5E2ABB53D000425772 /* Frameworks */,
				1451DE5F2ABB53D000425772 /* Resources */,
			);
			buildRules = (
			);
			dependencies = (
				1451DE632ABB53D000425772 /* PBXTargetDependency */,
			);
			name = "study-timer Watch AppUITests";
			productName = "study-timer Watch AppUITests";
			productReference = 1451DE612ABB53D000425772 /* study-timer Watch AppUITests.xctest */;
			productType = "com.apple.product-type.bundle.ui-testing";
		};
/* End PBXNativeTarget section */

/* Begin PBXProject section */
		1451DE392ABB53CE00425772 /* Project object */ = {
			isa = PBXProject;
			attributes = {
				BuildIndependentTargetsInParallel = 1;
				LastSwiftUpdateCheck = 1420;
				LastUpgradeCheck = 1500;
				TargetAttributes = {
					1451DE3E2ABB53CE00425772 = {
						CreatedOnToolsVersion = 14.2;
					};
					1451DE442ABB53CE00425772 = {
						CreatedOnToolsVersion = 14.2;
					};
					1451DE562ABB53D000425772 = {
						CreatedOnToolsVersion = 14.2;
						TestTargetID = 1451DE442ABB53CE00425772;
					};
					1451DE602ABB53D000425772 = {
						CreatedOnToolsVersion = 14.2;
						TestTargetID = 1451DE442ABB53CE00425772;
					};
				};
			};
			buildConfigurationList = 1451DE3C2ABB53CE00425772 /* Build configuration list for PBXProject "study-timer" */;
			compatibilityVersion = "Xcode 14.0";
			developmentRegion = en;
			hasScannedForEncodings = 0;
			knownRegions = (
				en,
				Base,
			);
			mainGroup = 1451DE382ABB53CE00425772;
			productRefGroup = 1451DE402ABB53CE00425772 /* Products */;
			projectDirPath = "";
			projectRoot = "";
			targets = (
				1451DE3E2ABB53CE00425772 /* study-timer */,
				1451DE442ABB53CE00425772 /* study-timer Watch App */,
				1451DE562ABB53D000425772 /* study-timer Watch AppTests */,
				1451DE602ABB53D000425772 /* study-timer Watch AppUITests */,
			);
		};
/* End PBXProject section */

/* Begin PBXResourcesBuildPhase section */
		1451DE3D2ABB53CE00425772 /* Resources */ = {
			isa = PBXResourcesBuildPhase;
			buildActionMask = 2147483647;
			files = (
			);
			runOnlyForDeploymentPostprocessing = 0;
		};
		1451DE432ABB53CE00425772 /* Resources */ = {
			isa = PBXResourcesBuildPhase;
			buildActionMask = 2147483647;
			files = (
				1451DE522ABB53CF00425772 /* Preview Assets.xcassets in Resources */,
				1451DE4F2ABB53CF00425772 /* Assets.xcassets in Resources */,
			);
			runOnlyForDeploymentPostprocessing = 0;
		};
		1451DE552ABB53D000425772 /* Resources */ = {
			isa = PBXResourcesBuildPhase;
			buildActionMask = 2147483647;
			files = (
			);
			runOnlyForDeploymentPostprocessing = 0;
		};
		1451DE5F2ABB53D000425772 /* Resources */ = {
			isa = PBXResourcesBuildPhase;
			buildActionMask = 2147483647;
			files = (
			);
			runOnlyForDeploymentPostprocessing = 0;
		};
/* End PBXResourcesBuildPhase section */

/* Begin PBXSourcesBuildPhase section */
		1451DE412ABB53CE00425772 /* Sources */ = {
			isa = PBXSourcesBuildPhase;
			buildActionMask = 2147483647;
			files = (
				1451DE4D2ABB53CE00425772 /* ContentView.swift in Sources */,
				1451DE4B2ABB53CE00425772 /* study_timerApp.swift in Sources */,
			);
			runOnlyForDeploymentPostprocessing = 0;
		};
		1451DE532ABB53D000425772 /* Sources */ = {
			isa = PBXSourcesBuildPhase;
			buildActionMask = 2147483647;
			files = (
				1451DE5C2ABB53D000425772 /* study_timer_Watch_AppTests.swift in Sources */,
			);
			runOnlyForDeploymentPostprocessing = 0;
		};
		1451DE5D2ABB53D000425772 /* Sources */ = {
			isa = PBXSourcesBuildPhase;
			buildActionMask = 2147483647;
			files = (
				1451DE682ABB53D000425772 /* study_timer_Watch_AppUITestsLaunchTests.swift in Sources */,
				1451DE662ABB53D000425772 /* study_timer_Watch_AppUITests.swift in Sources */,
			);
			runOnlyForDeploymentPostprocessing = 0;
		};
/* End PBXSourcesBuildPhase section */

/* Begin PBXTargetDependency section */
		1451DE482ABB53CE00425772 /* PBXTargetDependency */ = {
			isa = PBXTargetDependency;
			target = 1451DE442ABB53CE00425772 /* study-timer Watch App */;
			targetProxy = 1451DE472ABB53CE00425772 /* PBXContainerItemProxy */;
		};
		1451DE592ABB53D000425772 /* PBXTargetDependency */ = {
			isa = PBXTargetDependency;
			target = 1451DE442ABB53CE00425772 /* study-timer Watch App */;
			targetProxy = 1451DE582ABB53D000425772 /* PBXContainerItemProxy */;
		};
		1451DE632ABB53D000425772 /* PBXTargetDependency */ = {
			isa = PBXTargetDependency;
			target = 1451DE442ABB53CE00425772 /* study-timer Watch App */;
			targetProxy = 1451DE622ABB53D000425772 /* PBXContainerItemProxy */;
		};
/* End PBXTargetDependency section */

/* Begin XCBuildConfiguration section */
		1451DE692ABB53D000425772 /* Debug */ = {
			isa = XCBuildConfiguration;
			buildSettings = {
				ALWAYS_SEARCH_USER_PATHS = NO;
				CLANG_ANALYZER_NONNULL = YES;
				CLANG_ANALYZER_NUMBER_OBJECT_CONVERSION = YES_AGGRESSIVE;
				CLANG_CXX_LANGUAGE_STANDARD = "gnu++20";
				CLANG_ENABLE_MODULES = YES;
				CLANG_ENABLE_OBJC_ARC = YES;
				CLANG_ENABLE_OBJC_WEAK = YES;
				CLANG_WARN_BLOCK_CAPTURE_AUTORELEASING = YES;
				CLANG_WARN_BOOL_CONVERSION = YES;
				CLANG_WARN_COMMA = YES;
				CLANG_WARN_CONSTANT_CONVERSION = YES;
				CLANG_WARN_DEPRECATED_OBJC_IMPLEMENTATIONS = YES;
				CLANG_WARN_DIRECT_OBJC_ISA_USAGE = YES_ERROR;
				CLANG_WARN_DOCUMENTATION_COMMENTS = YES;
				CLANG_WARN_EMPTY_BODY = YES;
				CLANG_WARN_ENUM_CONVERSION = YES;
				CLANG_WARN_INFINITE_RECURSION = YES;
				CLANG_WARN_INT_CONVERSION = YES;
				CLANG_WARN_NON_LITERAL_NULL_CONVERSION = YES;
				CLANG_WARN_OBJC_IMPLICIT_RETAIN_SELF = YES;
				CLANG_WARN_OBJC_LITERAL_CONVERSION = YES;
				CLANG_WARN_OBJC_ROOT_CLASS = YES_ERROR;
				CLANG_WARN_QUOTED_INCLUDE_IN_FRAMEWORK_HEADER = YES;
				CLANG_WARN_RANGE_LOOP_ANALYSIS = YES;
				CLANG_WARN_STRICT_PROTOTYPES = YES;
				CLANG_WARN_SUSPICIOUS_MOVE = YES;
				CLANG_WARN_UNGUARDED_AVAILABILITY = YES_AGGRESSIVE;
				CLANG_WARN_UNREACHABLE_CODE = YES;
				CLANG_WARN__DUPLICATE_METHOD_MATCH = YES;
				COPY_PHASE_STRIP = NO;
				DEAD_CODE_STRIPPING = YES;
				DEBUG_INFORMATION_FORMAT = dwarf;
				ENABLE_STRICT_OBJC_MSGSEND = YES;
				ENABLE_TESTABILITY = YES;
				ENABLE_USER_SCRIPT_SANDBOXING = YES;
				GCC_C_LANGUAGE_STANDARD = gnu11;
				GCC_DYNAMIC_NO_PIC = NO;
				GCC_NO_COMMON_BLOCKS = YES;
				GCC_OPTIMIZATION_LEVEL = 0;
				GCC_PREPROCESSOR_DEFINITIONS = (
					"DEBUG=1",
					"$(inherited)",
				);
				GCC_WARN_64_TO_32_BIT_CONVERSION = YES;
				GCC_WARN_ABOUT_RETURN_TYPE = YES_ERROR;
				GCC_WARN_UNDECLARED_SELECTOR = YES;
				GCC_WARN_UNINITIALIZED_AUTOS = YES_AGGRESSIVE;
				GCC_WARN_UNUSED_FUNCTION = YES;
				GCC_WARN_UNUSED_VARIABLE = YES;
				MTL_ENABLE_DEBUG_INFO = INCLUDE_SOURCE;
				MTL_FAST_MATH = YES;
				ONLY_ACTIVE_ARCH = YES;
				SWIFT_ACTIVE_COMPILATION_CONDITIONS = DEBUG;
				SWIFT_OPTIMIZATION_LEVEL = "-Onone";
			};
			name = Debug;
		};
		1451DE6A2ABB53D000425772 /* Release */ = {
			isa = XCBuildConfiguration;
			buildSettings = {
				ALWAYS_SEARCH_USER_PATHS = NO;
				CLANG_ANALYZER_NONNULL = YES;
				CLANG_ANALYZER_NUMBER_OBJECT_CONVERSION = YES_AGGRESSIVE;
				CLANG_CXX_LANGUAGE_STANDARD = "gnu++20";
				CLANG_ENABLE_MODULES = YES;
				CLANG_ENABLE_OBJC_ARC = YES;
				CLANG_ENABLE_OBJC_WEAK = YES;
				CLANG_WARN_BLOCK_CAPTURE_AUTORELEASING = YES;
				CLANG_WARN_BOOL_CONVERSION = YES;
				CLANG_WARN_COMMA = YES;
				CLANG_WARN_CONSTANT_CONVERSION = YES;
				CLANG_WARN_DEPRECATED_OBJC_IMPLEMENTATIONS = YES;
				CLANG_WARN_DIRECT_OBJC_ISA_USAGE = YES_ERROR;
				CLANG_WARN_DOCUMENTATION_COMMENTS = YES;
				CLANG_WARN_EMPTY_BODY = YES;
				CLANG_WARN_ENUM_CONVERSION = YES;
				CLANG_WARN_INFINITE_RECURSION = YES;
				CLANG_WARN_INT_CONVERSION = YES;
				CLANG_WARN_NON_LITERAL_NULL_CONVERSION = YES;
				CLANG_WARN_OBJC_IMPLICIT_RETAIN_SELF = YES;
				CLANG_WARN_OBJC_LITERAL_CONVERSION = YES;
				CLANG_WARN_OBJC_ROOT_CLASS = YES_ERROR;
				CLANG_WARN_QUOTED_INCLUDE_IN_FRAMEWORK_HEADER = YES;
				CLANG_WARN_RANGE_LOOP_ANALYSIS = YES;
				CLANG_WARN_STRICT_PROTOTYPES = YES;
				CLANG_WARN_SUSPICIOUS_MOVE = YES;
				CLANG_WARN_UNGUARDED_AVAILABILITY = YES_AGGRESSIVE;
				CLANG_WARN_UNREACHABLE_CODE = YES;
				CLANG_WARN__DUPLICATE_METHOD_MATCH = YES;
				COPY_PHASE_STRIP = NO;
				DEAD_CODE_STRIPPING = YES;
				DEBUG_INFORMATION_FORMAT = "dwarf-with-dsym";
				ENABLE_NS_ASSERTIONS = NO;
				ENABLE_STRICT_OBJC_MSGSEND = YES;
				ENABLE_USER_SCRIPT_SANDBOXING = YES;
				GCC_C_LANGUAGE_STANDARD = gnu11;
				GCC_NO_COMMON_BLOCKS = YES;
				GCC_WARN_64_TO_32_BIT_CONVERSION = YES;
				GCC_WARN_ABOUT_RETURN_TYPE = YES_ERROR;
				GCC_WARN_UNDECLARED_SELECTOR = YES;
				GCC_WARN_UNINITIALIZED_AUTOS = YES_AGGRESSIVE;
				GCC_WARN_UNUSED_FUNCTION = YES;
				GCC_WARN_UNUSED_VARIABLE = YES;
				MTL_ENABLE_DEBUG_INFO = NO;
				MTL_FAST_MATH = YES;
				SWIFT_COMPILATION_MODE = wholemodule;
				SWIFT_OPTIMIZATION_LEVEL = "-O";
			};
			name = Release;
		};
		1451DE6C2ABB53D000425772 /* Debug */ = {
			isa = XCBuildConfiguration;
			buildSettings = {
				ASSETCATALOG_COMPILER_APPICON_NAME = AppIcon;
				ASSETCATALOG_COMPILER_GLOBAL_ACCENT_COLOR_NAME = AccentColor;
				CODE_SIGN_STYLE = Automatic;
				CURRENT_PROJECT_VERSION = 1;
				DEVELOPMENT_ASSET_PATHS = "\"study-timer Watch App/Preview Content\"";
				ENABLE_PREVIEWS = YES;
				GENERATE_INFOPLIST_FILE = YES;
				INFOPLIST_KEY_CFBundleDisplayName = "study-timer";
				INFOPLIST_KEY_UISupportedInterfaceOrientations = "UIInterfaceOrientationPortrait UIInterfaceOrientationPortraitUpsideDown";
				INFOPLIST_KEY_WKWatchOnly = YES;
				LD_RUNPATH_SEARCH_PATHS = (
					"$(inherited)",
					"@executable_path/Frameworks",
				);
				MARKETING_VERSION = 1.0;
				PRODUCT_BUNDLE_IDENTIFIER = "tool.study-timer.watchkitapp";
				PRODUCT_NAME = "$(TARGET_NAME)";
				SDKROOT = watchos;
				SKIP_INSTALL = YES;
				SWIFT_EMIT_LOC_STRINGS = YES;
				SWIFT_VERSION = 5.0;
				TARGETED_DEVICE_FAMILY = 4;
				WATCHOS_DEPLOYMENT_TARGET = 9.1;
			};
			name = Debug;
		};
		1451DE6D2ABB53D000425772 /* Release */ = {
			isa = XCBuildConfiguration;
			buildSettings = {
				ASSETCATALOG_COMPILER_APPICON_NAME = AppIcon;
				ASSETCATALOG_COMPILER_GLOBAL_ACCENT_COLOR_NAME = AccentColor;
				CODE_SIGN_STYLE = Automatic;
				CURRENT_PROJECT_VERSION = 1;
				DEVELOPMENT_ASSET_PATHS = "\"study-timer Watch App/Preview Content\"";
				ENABLE_PREVIEWS = YES;
				GENERATE_INFOPLIST_FILE = YES;
				INFOPLIST_KEY_CFBundleDisplayName = "study-timer";
				INFOPLIST_KEY_UISupportedInterfaceOrientations = "UIInterfaceOrientationPortrait UIInterfaceOrientationPortraitUpsideDown";
				INFOPLIST_KEY_WKWatchOnly = YES;
				LD_RUNPATH_SEARCH_PATHS = (
					"$(inherited)",
					"@executable_path/Frameworks",
				);
				MARKETING_VERSION = 1.0;
				PRODUCT_BUNDLE_IDENTIFIER = "tool.study-timer.watchkitapp";
				PRODUCT_NAME = "$(TARGET_NAME)";
				SDKROOT = watchos;
				SKIP_INSTALL = YES;
				SWIFT_EMIT_LOC_STRINGS = YES;
				SWIFT_VERSION = 5.0;
				TARGETED_DEVICE_FAMILY = 4;
				VALIDATE_PRODUCT = YES;
				WATCHOS_DEPLOYMENT_TARGET = 9.1;
			};
			name = Release;
		};
		1451DE702ABB53D000425772 /* Debug */ = {
			isa = XCBuildConfiguration;
			buildSettings = {
				ALWAYS_EMBED_SWIFT_STANDARD_LIBRARIES = YES;
				CODE_SIGN_STYLE = Automatic;
				CURRENT_PROJECT_VERSION = 1;
				INFOPLIST_KEY_CFBundleDisplayName = "study-timer";
				MARKETING_VERSION = 1.0;
				PRODUCT_BUNDLE_IDENTIFIER = "tool.study-timer";
				PRODUCT_NAME = "$(TARGET_NAME)";
				SDKROOT = iphoneos;
				SUPPORTED_PLATFORMS = "iphoneos iphonesimulator watchos watchsimulator";
				SUPPORTS_MACCATALYST = NO;
				SWIFT_VERSION = 5.0;
				TARGETED_DEVICE_FAMILY = "1,4";
			};
			name = Debug;
		};
		1451DE712ABB53D000425772 /* Release */ = {
			isa = XCBuildConfiguration;
			buildSettings = {
				ALWAYS_EMBED_SWIFT_STANDARD_LIBRARIES = YES;
				CODE_SIGN_STYLE = Automatic;
				CURRENT_PROJECT_VERSION = 1;
				INFOPLIST_KEY_CFBundleDisplayName = "study-timer";
				MARKETING_VERSION = 1.0;
				PRODUCT_BUNDLE_IDENTIFIER = "tool.study-timer";
				PRODUCT_NAME = "$(TARGET_NAME)";
				SDKROOT = iphoneos;
				SUPPORTED_PLATFORMS = "iphoneos iphonesimulator watchos watchsimulator";
				SUPPORTS_MACCATALYST = NO;
				SWIFT_VERSION = 5.0;
				TARGETED_DEVICE_FAMILY = "1,4";
				VALIDATE_PRODUCT = YES;
			};
			name = Release;
		};
		1451DE732ABB53D000425772 /* Debug */ = {
			isa = XCBuildConfiguration;
			buildSettings = {
				ALWAYS_EMBED_SWIFT_STANDARD_LIBRARIES = YES;
				BUNDLE_LOADER = "$(TEST_HOST)";
				CODE_SIGN_STYLE = Automatic;
				CURRENT_PROJECT_VERSION = 1;
				GENERATE_INFOPLIST_FILE = YES;
				MARKETING_VERSION = 1.0;
				PRODUCT_BUNDLE_IDENTIFIER = "tool.study-timer-Watch-AppTests";
				PRODUCT_NAME = "$(TARGET_NAME)";
				SDKROOT = watchos;
				SWIFT_EMIT_LOC_STRINGS = NO;
				SWIFT_VERSION = 5.0;
				TARGETED_DEVICE_FAMILY = 4;
				TEST_HOST = "$(BUILT_PRODUCTS_DIR)/study-timer Watch App.app/$(BUNDLE_EXECUTABLE_FOLDER_PATH)/study-timer Watch App";
				WATCHOS_DEPLOYMENT_TARGET = 9.1;
			};
			name = Debug;
		};
		1451DE742ABB53D000425772 /* Release */ = {
			isa = XCBuildConfiguration;
			buildSettings = {
				ALWAYS_EMBED_SWIFT_STANDARD_LIBRARIES = YES;
				BUNDLE_LOADER = "$(TEST_HOST)";
				CODE_SIGN_STYLE = Automatic;
				CURRENT_PROJECT_VERSION = 1;
				GENERATE_INFOPLIST_FILE = YES;
				MARKETING_VERSION = 1.0;
				PRODUCT_BUNDLE_IDENTIFIER = "tool.study-timer-Watch-AppTests";
				PRODUCT_NAME = "$(TARGET_NAME)";
				SDKROOT = watchos;
				SWIFT_EMIT_LOC_STRINGS = NO;
				SWIFT_VERSION = 5.0;
				TARGETED_DEVICE_FAMILY = 4;
				TEST_HOST = "$(BUILT_PRODUCTS_DIR)/study-timer Watch App.app/$(BUNDLE_EXECUTABLE_FOLDER_PATH)/study-timer Watch App";
				VALIDATE_PRODUCT = YES;
				WATCHOS_DEPLOYMENT_TARGET = 9.1;
			};
			name = Release;
		};
		1451DE762ABB53D000425772 /* Debug */ = {
			isa = XCBuildConfiguration;
			buildSettings = {
				ALWAYS_EMBED_SWIFT_STANDARD_LIBRARIES = YES;
				CODE_SIGN_STYLE = Automatic;
				CURRENT_PROJECT_VERSION = 1;
				GENERATE_INFOPLIST_FILE = YES;
				MARKETING_VERSION = 1.0;
				PRODUCT_BUNDLE_IDENTIFIER = "tool.study-timer-Watch-AppUITests";
				PRODUCT_NAME = "$(TARGET_NAME)";
				SDKROOT = watchos;
				SWIFT_EMIT_LOC_STRINGS = NO;
				SWIFT_VERSION = 5.0;
				TARGETED_DEVICE_FAMILY = 4;
				TEST_TARGET_NAME = "study-timer Watch App";
				WATCHOS_DEPLOYMENT_TARGET = 9.1;
			};
			name = Debug;
		};
		1451DE772ABB53D000425772 /* Release */ = {
			isa = XCBuildConfiguration;
			buildSettings = {
				ALWAYS_EMBED_SWIFT_STANDARD_LIBRARIES = YES;
				CODE_SIGN_STYLE = Automatic;
				CURRENT_PROJECT_VERSION = 1;
				GENERATE_INFOPLIST_FILE = YES;
				MARKETING_VERSION = 1.0;
				PRODUCT_BUNDLE_IDENTIFIER = "tool.study-timer-Watch-AppUITests";
				PRODUCT_NAME = "$(TARGET_NAME)";
				SDKROOT = watchos;
				SWIFT_EMIT_LOC_STRINGS = NO;
				SWIFT_VERSION = 5.0;
				TARGETED_DEVICE_FAMILY = 4;
				TEST_TARGET_NAME = "study-timer Watch App";
				VALIDATE_PRODUCT = YES;
				WATCHOS_DEPLOYMENT_TARGET = 9.1;
			};
			name = Release;
		};
/* End XCBuildConfiguration section */

/* Begin XCConfigurationList section */
		1451DE3C2ABB53CE00425772 /* Build configuration list for PBXProject "study-timer" */ = {
			isa = XCConfigurationList;
			buildConfigurations = (
				1451DE692ABB53D000425772 /* Debug */,
				1451DE6A2ABB53D000425772 /* Release */,
			);
			defaultConfigurationIsVisible = 0;
			defaultConfigurationName = Release;
		};
		1451DE6B2ABB53D000425772 /* Build configuration list for PBXNativeTarget "study-timer Watch App" */ = {
			isa = XCConfigurationList;
			buildConfigurations = (
				1451DE6C2ABB53D000425772 /* Debug */,
				1451DE6D2ABB53D000425772 /* Release */,
			);
			defaultConfigurationIsVisible = 0;
			defaultConfigurationName = Release;
		};
		1451DE6F2ABB53D000425772 /* Build configuration list for PBXNativeTarget "study-timer" */ = {
			isa = XCConfigurationList;
			buildConfigurations = (
				1451DE702ABB53D000425772 /* Debug */,
				1451DE712ABB53D000425772 /* Release */,
			);
			defaultConfigurationIsVisible = 0;
			defaultConfigurationName = Release;
		};
		1451DE722ABB53D000425772 /* Build configuration list for PBXNativeTarget "study-timer Watch AppTests" */ = {
			isa = XCConfigurationList;
			buildConfigurations = (
				1451DE732ABB53D000425772 /* Debug */,
				1451DE742ABB53D000425772 /* Release */,
			);
			defaultConfigurationIsVisible = 0;
			defaultConfigurationName = Release;
		};
		1451DE752ABB53D000425772 /* Build configuration list for PBXNativeTarget "study-timer Watch AppUITests" */ = {
			isa = XCConfigurationList;
			buildConfigurations = (
				1451DE762ABB53D000425772 /* Debug */,
				1451DE772ABB53D000425772 /* Release */,
			);
			defaultConfigurationIsVisible = 0;
			defaultConfigurationName = Release;
		};
/* End XCConfigurationList section */
	};
	rootObject = 1451DE392ABB53CE00425772 /* Project object */;
}
